{
  "nodes": {
    "ai-assistant-instructions": {
      "flake": false,
      "locked": {
        "lastModified": 1776991645,
        "narHash": "sha256-m7dx/T++Wa5tEYVv+Kc6yroJ+B52GwKyls/wMSjQ+aI=",
        "owner": "JacobPEvans",
        "repo": "ai-assistant-instructions",
        "rev": "952a65f3455abe8d0bd1c5668041992ee46d6ae8",
        "type": "github"
      },
      "original": {
        "owner": "JacobPEvans",
        "repo": "ai-assistant-instructions",
        "type": "github"
      }
    },
    "anthropic-agent-skills": {
      "flake": false,
      "locked": {
        "lastModified": 1776366777,
        "narHash": "sha256-BMgH43diojdUrGC6ivk87eEm2W1yWNuh2fpR9JpbUnE=",
        "owner": "anthropics",
        "repo": "skills",
        "rev": "2c7ec5e78b8e5d43ea02e90bb8826f6b9f147b0c",
        "type": "github"
      },
      "original": {
        "owner": "anthropics",
        "repo": "skills",
        "type": "github"
      }
    },
    "axton-obsidian-visual-skills": {
      "flake": false,
      "locked": {
        "lastModified": 1770862721,
        "narHash": "sha256-28hLlKPifZ0GT3vc3eYuIN0C2DQm6vtZhJIKEomRp0M=",
        "owner": "axtonliu",
        "repo": "axton-obsidian-visual-skills",
        "rev": "1265976d9746a84858b4b7b42fb86a215aa93de9",
        "type": "github"
      },
      "original": {
        "owner": "axtonliu",
        "repo": "axton-obsidian-visual-skills",
        "type": "github"
      }
    },
    "bills-claude-skills": {
      "flake": false,
      "locked": {
        "lastModified": 1772306604,
        "narHash": "sha256-PyQSIuAzLXuah9qvfXSiiXedprtwvq/d7rzaAan7xTA=",
        "owner": "BillChirico",
        "repo": "bills-claude-skills",
        "rev": "3a7e65e88949e3f98a75ea296b53e478e2b5995c",
        "type": "github"
      },
      "original": {
        "owner": "BillChirico",
        "repo": "bills-claude-skills",
        "type": "github"
      }
    },
    "bitwarden-marketplace": {
      "flake": false,
      "locked": {
        "lastModified": 1776443846,
        "narHash": "sha256-yR4BS3Q6KuIZbNPoN9uu4KOZm4u/LyavfWgvZ0TyAbI=",
        "owner": "bitwarden",
        "repo": "ai-plugins",
        "rev": "565083b273d347d7f41d9fdfb759932d5c34dc2c",
        "type": "github"
      },
      "original": {
        "owner": "bitwarden",
        "repo": "ai-plugins",
        "type": "github"
      }
    },
    "browser-use-skills": {
      "flake": false,
      "locked": {
        "lastModified": 1776292728,
        "narHash": "sha256-inklr1ZKtsse35V+8mqAmPxZyVyyIa0mCW1jH22ZbYo=",
        "owner": "browser-use",
        "repo": "browser-use",
        "rev": "702b7352c3dc1d39ab8daef2f076dfe7adcfa1c3",
        "type": "github"
      },
      "original": {
        "owner": "browser-use",
        "repo": "browser-use",
        "type": "github"
      }
    },
    "cc-dev-tools": {
      "flake": false,
      "locked": {
        "lastModified": 1773368188,
        "narHash": "sha256-HcICAqqI3kP0PWQhWvkaM2DOegINXamgox5u+LH2wYA=",
        "owner": "Lucklyric",
        "repo": "cc-dev-tools",
        "rev": "f6414993a4c5047ab3c6f88866789d03f50bef7c",
        "type": "github"
      },
      "original": {
        "owner": "Lucklyric",
        "repo": "cc-dev-tools",
        "type": "github"
      }
    },
    "cc-marketplace": {
      "flake": false,
      "locked": {
        "lastModified": 1768758615,
        "narHash": "sha256-BnH8+reZQRy4st+5zwA1EEDLIc2nVIp8CVBizUIkjXo=",
        "owner": "ananddtyagi",
        "repo": "cc-marketplace",
        "rev": "b643305146890bda9b2e694d2c42206ae4d0a4df",
        "type": "github"
      },
      "original": {
        "owner": "ananddtyagi",
        "repo": "cc-marketplace",
        "type": "github"
      }
    },
    "cl-nix-lite": {
      "locked": {
        "lastModified": 1763190794,
        "narHash": "sha256-Uhdbf0YbPkBeCBfL1+5ONo/o8sFJd0Gahg6MD0ktwEQ=",
        "owner": "r4v3n6101",
        "repo": "cl-nix-lite",
        "rev": "a781bd2bd0a444e27bdb5d4aabfc0e81422bdc91",
        "type": "github"
      },
      "original": {
        "owner": "r4v3n6101",
        "ref": "url-fix",
        "repo": "cl-nix-lite",
        "type": "github"
      }
    },
    "claude-code-plugins": {
      "flake": false,
      "locked": {
        "lastModified": 1776986653,
        "narHash": "sha256-Y8wAKKd+PB5YvSUtzBR2BPL37PyD0oXIdTud1uo5xwg=",
        "owner": "anthropics",
        "repo": "claude-code",
        "rev": "ab3ce06c9ac0a6a0405850e642b80b0bb2c9fb25",
        "type": "github"
      },
      "original": {
        "owner": "anthropics",
        "repo": "claude-code",
        "type": "github"
      }
    },
    "claude-code-plugins-plus": {
      "flake": false,
      "locked": {
        "lastModified": 1776450457,
        "narHash": "sha256-DrxbaTtGMmyHQ+91tDrWqvvsqxfNDe3UwRjHKItDR1s=",
        "owner": "jeremylongshore",
        "repo": "claude-code-plugins-plus",
        "rev": "5585c45cec7044807944472b3286ec94e40bb24f",
        "type": "github"
      },
      "original": {
        "owner": "jeremylongshore",
        "repo": "claude-code-plugins-plus",
        "type": "github"
      }
    },
    "claude-code-workflows": {
      "flake": false,
      "locked": {
        "lastModified": 1776537034,
        "narHash": "sha256-SLTEC1rB1dwVcMhitlDp1hjB/fczhefCoAQNJqUJ/ns=",
        "owner": "wshobson",
        "repo": "agents",
        "rev": "27a7ed95755a5c3a2948694343a8e2cd7a7ef6fb",
        "type": "github"
      },
      "original": {
        "owner": "wshobson",
        "repo": "agents",
        "type": "github"
      }
    },
    "claude-cookbooks": {
      "flake": false,
      "locked": {
        "lastModified": 1775867615,
        "narHash": "sha256-sDC2q9iJcN+n/wPr1fItLf+vNxBW8euUJROb5cHc0xA=",
        "owner": "anthropics",
        "repo": "claude-cookbooks",
        "rev": "753ddfe35fdc7e310a45cadcfe314ba6809672f8",
        "type": "github"
      },
      "original": {
        "owner": "anthropics",
        "repo": "claude-cookbooks",
        "type": "github"
      }
    },
    "claude-plugins-official": {
      "flake": false,
      "locked": {
        "lastModified": 1776459805,
        "narHash": "sha256-cAaazLUwLF/c09g2FlDmeC3ZQ/nzp4yTEOa+LTQk+rM=",
        "owner": "anthropics",
        "repo": "claude-plugins-official",
        "rev": "bb7730114d873b91acd477e696066f217f882391",
        "type": "github"
      },
      "original": {
        "owner": "anthropics",
        "repo": "claude-plugins-official",
        "type": "github"
      }
    },
    "claude-skills": {
      "flake": false,
      "locked": {
        "lastModified": 1775668456,
        "narHash": "sha256-AGvjE398hSve2gctkVodCdcmMsN8/7OdwMTx4gR8rOo=",
        "owner": "secondsky",
        "repo": "claude-skills",
        "rev": "88da5ffe9767d2b75bd5a5545165ca4bcd868168",
        "type": "github"
      },
      "original": {
        "owner": "secondsky",
        "repo": "claude-skills",
        "type": "github"
      }
    },
    "darwin": {
      "inputs": {
        "nixpkgs": [
          "nixpkgs"
        ]
      },
      "locked": {
        "lastModified": 1772129556,
        "narHash": "sha256-Utk0zd8STPsUJPyjabhzPc5BpPodLTXrwkpXBHYnpeg=",
        "owner": "nix-darwin",
        "repo": "nix-darwin",
        "rev": "ebec37af18215214173c98cf6356d0aca24a2585",
        "type": "github"
      },
      "original": {
        "owner": "nix-darwin",
        "ref": "nix-darwin-25.11",
        "repo": "nix-darwin",
        "type": "github"
      }
    },
    "determinate": {
      "inputs": {
        "determinate-nixd-aarch64-darwin": "determinate-nixd-aarch64-darwin",
        "determinate-nixd-aarch64-linux": "determinate-nixd-aarch64-linux",
        "determinate-nixd-x86_64-linux": "determinate-nixd-x86_64-linux",
        "nix": "nix",
        "nixpkgs": "nixpkgs_2"
      },
      "locked": {
        "lastModified": 1776975946,
        "narHash": "sha256-h/+pqz7PQ4X8zffxM68fwmyTlalWrlM49W2fT2G/cAs=",
        "rev": "26f072a4dddb0433e27aee6516e9e3287db4b8d2",
        "revCount": 413,
        "type": "tarball",
        "url": "https://api.flakehub.com/f/pinned/DeterminateSystems/determinate/3.18.1/019dbc08-210a-7941-b195-710393c6fd8c/source.tar.gz"
      },
      "original": {
        "type": "tarball",
        "url": "https://flakehub.com/f/DeterminateSystems/determinate/3"
      }
    },
    "determinate-nixd-aarch64-darwin": {
      "flake": false,
      "locked": {
        "narHash": "sha256-OmmajnGiM5Pvm/yWk6omjOMcmsLgfNvZ5+Dn/UZdH00=",
        "type": "file",
        "url": "https://install.determinate.systems/determinate-nixd/tag/v3.18.1/macOS"
      },
      "original": {
        "type": "file",
        "url": "https://install.determinate.systems/determinate-nixd/tag/v3.18.1/macOS"
      }
    },
    "determinate-nixd-aarch64-linux": {
      "flake": false,
      "locked": {
        "narHash": "sha256-RriiWEs0lLjofbqGVBkUSHuht7rOJaWM98GDOVg4pCM=",
        "type": "file",
        "url": "https://install.determinate.systems/determinate-nixd/tag/v3.18.1/aarch64-linux"
      },
      "original": {
        "type": "file",
        "url": "https://install.determinate.systems/determinate-nixd/tag/v3.18.1/aarch64-linux"
      }
    },
    "determinate-nixd-x86_64-linux": {
      "flake": false,
      "locked": {
        "narHash": "sha256-8hemqyT1ruFwxVHvMQ8CWUQyQJSHIcMOY+zoRC37klg=",
        "type": "file",
        "url": "https://install.determinate.systems/determinate-nixd/tag/v3.18.1/x86_64-linux"
      },
      "original": {
        "type": "file",
        "url": "https://install.determinate.systems/determinate-nixd/tag/v3.18.1/x86_64-linux"
      }
    },
    "fabric-src": {
      "flake": false,
      "locked": {
        "lastModified": 1775769065,
        "narHash": "sha256-986ny/DRchsu+MkZFnmGrWaCPaw+SFYJzY768ZEPtfQ=",
        "owner": "danielmiessler",
        "repo": "fabric",
        "rev": "42311fe04b552f63503667b35f26b9b2ad537f95",
        "type": "github"
      },
      "original": {
        "owner": "danielmiessler",
        "ref": "v1.4.444",
        "repo": "fabric",
        "type": "github"
      }
    },
    "flake-compat": {
      "flake": false,
      "locked": {
        "lastModified": 1696426674,
        "narHash": "sha256-kvjfFW7WAETZlt09AgDn1MrtKzP7t90Vf7vypd3OL1U=",
        "owner": "edolstra",
        "repo": "flake-compat",
        "rev": "0f9255e01c2351cc7d116c072cb317785dd33b33",
        "type": "github"
      },
      "original": {
        "owner": "edolstra",
        "repo": "flake-compat",
        "type": "github"
      }
    },
    "flake-compat_2": {
      "flake": false,
      "locked": {
        "lastModified": 1730663653,
        "narHash": "sha256-kFCUWettiFHDIqxCWWQ9qY8pVh+Lj+XL0Giyy/kdomg=",
        "owner": "hraban",
        "repo": "flake-compat",
        "rev": "e5b16676185cb7548581c852f51ce7f3a49bba5e",
        "type": "github"
      },
      "original": {
        "owner": "hraban",
        "ref": "fixed-output",
        "repo": "flake-compat",
        "type": "github"
      }
    },
    "flake-parts": {
      "inputs": {
        "nixpkgs-lib": [
          "determinate",
          "nix",
          "nixpkgs"
        ]
      },
      "locked": {
        "lastModified": 1748821116,
        "narHash": "sha256-F82+gS044J1APL0n4hH50GYdPRv/5JWm34oCJYmVKdE=",
        "rev": "49f0870db23e8c1ca0b5259734a02cd9e1e371a1",
        "revCount": 377,
        "type": "tarball",
        "url": "https://api.flakehub.com/f/pinned/hercules-ci/flake-parts/0.1.377%2Brev-49f0870db23e8c1ca0b5259734a02cd9e1e371a1/01972f28-554a-73f8-91f4-d488cc502f08/source.tar.gz"
      },
      "original": {
        "type": "tarball",
        "url": "https://flakehub.com/f/hercules-ci/flake-parts/0.1"
      }
    },
    "flake-utils": {
      "inputs": {
        "systems": [
          "mac-app-util",
          "systems"
        ]
      },
      "locked": {
        "lastModified": 1731533236,
        "narHash": "sha256-l0KFg5HjrsfsO/JpG+r7fRrqm12kzFHyUHqHCVpMMbI=",
        "owner": "numtide",
        "repo": "flake-utils",
        "rev": "11707dc2f618dd54ca8739b309ec4fc024de578b",
        "type": "github"
      },
      "original": {
        "id": "flake-utils",
        "type": "indirect"
      }
    },
    "git-hooks-nix": {
      "inputs": {
        "flake-compat": "flake-compat",
        "gitignore": [
          "determinate",
          "nix"
        ],
        "nixpkgs": [
          "determinate",
          "nix",
          "nixpkgs"
        ]
      },
      "locked": {
        "lastModified": 1747372754,
        "narHash": "sha256-2Y53NGIX2vxfie1rOW0Qb86vjRZ7ngizoo+bnXU9D9k=",
        "rev": "80479b6ec16fefd9c1db3ea13aeb038c60530f46",
        "revCount": 1026,
        "type": "tarball",
        "url": "https://api.flakehub.com/f/pinned/cachix/git-hooks.nix/0.1.1026%2Brev-80479b6ec16fefd9c1db3ea13aeb038c60530f46/0196d79a-1b35-7b8e-a021-c894fb62163d/source.tar.gz"
      },
      "original": {
        "type": "tarball",
        "url": "https://flakehub.com/f/cachix/git-hooks.nix/0.1.941"
      }
    },
    "home-manager": {
      "inputs": {
        "nixpkgs": [
          "nixpkgs"
        ]
      },
      "locked": {
        "lastModified": 1775425411,
        "narHash": "sha256-KY6HsebJHEe5nHOWP7ur09mb0drGxYSzE3rQxy62rJo=",
        "owner": "nix-community",
        "repo": "home-manager",
        "rev": "0d02ec1d0a05f88ef9e74b516842900c41f0f2fe",
        "type": "github"
      },
      "original": {
        "owner": "nix-community",
        "ref": "release-25.11",
        "repo": "home-manager",
        "type": "github"
      }
    },
    "jacobpevans-cc-plugins": {
      "flake": false,
      "locked": {
        "lastModified": 1777030509,
        "narHash": "sha256-QcT+id7834ivwl43lncJYzzwuE319B5oIi367PuC3cM=",
        "owner": "JacobPEvans",
        "repo": "claude-code-plugins",
        "rev": "0d982a35c44e31fe86f1ae43ca088976f5781991",
        "type": "github"
      },
      "original": {
        "owner": "JacobPEvans",
        "repo": "claude-code-plugins",
        "type": "github"
      }
    },
    "lunar-claude": {
      "flake": false,
      "locked": {
        "lastModified": 1776435103,
        "narHash": "sha256-/H7oGbcxbfwqAUItC+2J1Q4fZ61j955oSTAzMW0td20=",
        "owner": "basher83",
        "repo": "lunar-claude",
        "rev": "95ab33f9811810358f9ce3f3694f2134974f5b1f",
        "type": "github"
      },
      "original": {
        "owner": "basher83",
        "repo": "lunar-claude",
        "type": "github"
      }
    },
    "mac-app-util": {
      "inputs": {
        "cl-nix-lite": "cl-nix-lite",
        "flake-compat": "flake-compat_2",
        "flake-utils": "flake-utils",
        "nixpkgs": [
          "nixpkgs"
        ],
        "systems": [
          "systems"
        ],
        "treefmt-nix": "treefmt-nix"
      },
      "locked": {
        "lastModified": 1766810876,
        "narHash": "sha256-VPElWFQIiP31lXQXEom+L4sl85alZpZn33O4hewsP9k=",
        "owner": "hraban",
        "repo": "mac-app-util",
        "rev": "4747968574ea58512c5385466400b2364c85d2d0",
        "type": "github"
      },
      "original": {
        "owner": "hraban",
        "repo": "mac-app-util",
        "type": "github"
      }
    },
    "nix": {
      "inputs": {
        "flake-parts": "flake-parts",
        "git-hooks-nix": "git-hooks-nix",
        "nixpkgs": "nixpkgs",
        "nixpkgs-23-11": "nixpkgs-23-11",
        "nixpkgs-regression": "nixpkgs-regression"
      },
      "locked": {
        "lastModified": 1776973637,
        "narHash": "sha256-6dtDAH38Jn658Vty5tULesSWvYj79cK+rtJtJgCUbW0=",
        "rev": "4dccfb86b6bc6ae733709c6770cd116ad62d910b",
        "revCount": 24973,
        "type": "tarball",
        "url": "https://api.flakehub.com/f/pinned/DeterminateSystems/nix-src/3.18.1/019dbc00-786e-7020-8304-a33065736bab/source.tar.gz"
      },
      "original": {
        "type": "tarball",
        "url": "https://flakehub.com/f/DeterminateSystems/nix-src/%2A"
      }
    },
    "nix-ai": {
      "inputs": {
        "ai-assistant-instructions": [
          "ai-assistant-instructions"
        ],
        "anthropic-agent-skills": "anthropic-agent-skills",
        "axton-obsidian-visual-skills": "axton-obsidian-visual-skills",
        "bills-claude-skills": "bills-claude-skills",
        "bitwarden-marketplace": "bitwarden-marketplace",
        "browser-use-skills": "browser-use-skills",
        "cc-dev-tools": "cc-dev-tools",
        "cc-marketplace": "cc-marketplace",
        "claude-code-plugins": [
          "claude-code-plugins"
        ],
        "claude-code-plugins-plus": "claude-code-plugins-plus",
        "claude-code-workflows": "claude-code-workflows",
        "claude-cookbooks": "claude-cookbooks",
        "claude-plugins-official": "claude-plugins-official",
        "claude-skills": "claude-skills",
        "fabric-src": "fabric-src",
        "home-manager": [
          "home-manager"
        ],
        "jacobpevans-cc-plugins": [
          "jacobpevans-cc-plugins"
        ],
        "lunar-claude": "lunar-claude",
        "nixpkgs": [
          "nixpkgs"
        ],
        "obsidian-skills": "obsidian-skills",
        "openai-codex": "openai-codex",
        "pal-mcp-server": [
          "pal-mcp-server"
        ],
        "superpowers-marketplace": "superpowers-marketplace",
        "vct-cribl-pack-validator-skills": "vct-cribl-pack-validator-skills",
        "visual-explainer-marketplace": "visual-explainer-marketplace",
        "wakatime": "wakatime"
      },
      "locked": {
        "lastModified": 1777087020,
        "narHash": "sha256-+04rstBFFIP45VumVRzoajO7/0SE7UFr8bFbyhgztQs=",
        "owner": "JacobPEvans",
        "repo": "nix-ai",
        "rev": "860f13401e17e91346b8638201604a42ea30d186",
        "type": "github"
      },
      "original": {
        "owner": "JacobPEvans",
        "repo": "nix-ai",
        "type": "github"
      }
    },
    "nix-home": {
      "inputs": {
        "home-manager": [
          "home-manager"
        ],
        "nixpkgs": [
          "nixpkgs"
        ],
        "nixpkgs-unstable": "nixpkgs-unstable"
      },
      "locked": {
        "lastModified": 1777045323,
        "narHash": "sha256-qNThSHqkzIAPC+MSUcq4fGluf8F0mlsM0Fqb50tEtto=",
        "owner": "JacobPEvans",
        "repo": "nix-home",
        "rev": "64f4b6c8486828adc7297e06b4cc91394638026f",
        "type": "github"
      },
      "original": {
        "owner": "JacobPEvans",
        "repo": "nix-home",
        "type": "github"
      }
    },
    "nixpkgs": {
      "locked": {
        "lastModified": 1761597516,
        "narHash": "sha256-wxX7u6D2rpkJLWkZ2E932SIvDJW8+ON/0Yy8+a5vsDU=",
        "rev": "daf6dc47aa4b44791372d6139ab7b25269184d55",
        "revCount": 811874,
        "type": "tarball",
        "url": "https://api.flakehub.com/f/pinned/NixOS/nixpkgs/0.2505.811874%2Brev-daf6dc47aa4b44791372d6139ab7b25269184d55/019a3494-3498-707e-9086-1fb81badc7fe/source.tar.gz"
      },
      "original": {
        "type": "tarball",
        "url": "https://flakehub.com/f/NixOS/nixpkgs/0.2505"
      }
    },
    "nixpkgs-23-11": {
      "locked": {
        "lastModified": 1717159533,
        "narHash": "sha256-oamiKNfr2MS6yH64rUn99mIZjc45nGJlj9eGth/3Xuw=",
        "owner": "NixOS",
        "repo": "nixpkgs",
        "rev": "a62e6edd6d5e1fa0329b8653c801147986f8d446",
        "type": "github"
      },
      "original": {
        "owner": "NixOS",
        "repo": "nixpkgs",
        "rev": "a62e6edd6d5e1fa0329b8653c801147986f8d446",
        "type": "github"
      }
    },
    "nixpkgs-regression": {
      "locked": {
        "lastModified": 1643052045,
        "narHash": "sha256-uGJ0VXIhWKGXxkeNnq4TvV3CIOkUJ3PAoLZ3HMzNVMw=",
        "owner": "NixOS",
        "repo": "nixpkgs",
        "rev": "215d4d0fd80ca5163643b03a33fde804a29cc1e2",
        "type": "github"
      },
      "original": {
        "owner": "NixOS",
        "repo": "nixpkgs",
        "rev": "215d4d0fd80ca5163643b03a33fde804a29cc1e2",
        "type": "github"
      }
    },
    "nixpkgs-unstable": {
      "locked": {
        "lastModified": 1776329215,
        "narHash": "sha256-a8BYi3mzoJ/AcJP8UldOx8emoPRLeWqALZWu4ZvjPXw=",
        "owner": "NixOS",
        "repo": "nixpkgs",
        "rev": "b86751bc4085f48661017fa226dee99fab6c651b",
        "type": "github"
      },
      "original": {
        "owner": "NixOS",
        "ref": "nixpkgs-unstable",
        "repo": "nixpkgs",
        "type": "github"
      }
    },
    "nixpkgs_2": {
      "locked": {
        "lastModified": 1776329215,
        "narHash": "sha256-a8BYi3mzoJ/AcJP8UldOx8emoPRLeWqALZWu4ZvjPXw=",
        "rev": "b86751bc4085f48661017fa226dee99fab6c651b",
        "revCount": 981196,
        "type": "tarball",
        "url": "https://api.flakehub.com/f/pinned/DeterminateSystems/nixpkgs-weekly/0.1.981196%2Brev-b86751bc4085f48661017fa226dee99fab6c651b/019daeab-1563-75e1-9919-fee0062268db/source.tar.gz"
      },
      "original": {
        "type": "tarball",
        "url": "https://flakehub.com/f/DeterminateSystems/nixpkgs-weekly/0.1"
      }
    },
    "nixpkgs_3": {
      "locked": {
        "lastModified": 1777014176,
        "narHash": "sha256-OzisFv/K6SRIKNOUsR+9Xij/HnS+UqXWhrheEHPJJ3E=",
        "owner": "NixOS",
        "repo": "nixpkgs",
        "rev": "3f05c8657c7016fb8cfec9ca06dac066cdeddb91",
        "type": "github"
      },
      "original": {
        "owner": "NixOS",
        "ref": "nixpkgs-25.11-darwin",
        "repo": "nixpkgs",
        "type": "github"
      }
    },
    "obsidian-skills": {
      "flake": false,
      "locked": {
        "lastModified": 1775150516,
        "narHash": "sha256-/D5HKtLvVdBh7g7zCFDQmInL7/q8koiR6HL0ARmTCoE=",
        "owner": "kepano",
        "repo": "obsidian-skills",
        "rev": "fa1e131a014576ff8f8919f191a7ca8d8fded39b",
        "type": "github"
      },
      "original": {
        "owner": "kepano",
        "repo": "obsidian-skills",
        "type": "github"
      }
    },
    "openai-codex": {
      "flake": false,
      "locked": {
        "lastModified": 1776544913,
        "narHash": "sha256-zWddz18c3E15TPuEvjMkBkrwiFlK3ZqIG5YP5xX6ZII=",
        "owner": "openai",
        "repo": "codex-plugin-cc",
        "rev": "807e03ac9d5aa23bc395fdec8c3767500a86b3cf",
        "type": "github"
      },
      "original": {
        "owner": "openai",
        "repo": "codex-plugin-cc",
        "type": "github"
      }
    },
    "pal-mcp-server": {
      "flake": false,
      "locked": {
        "lastModified": 1765818451,
        "narHash": "sha256-N10TLndisNT48NVT8OZs7hZFf4D6j8ekPU7RfqwkqY0=",
        "owner": "BeehiveInnovations",
        "repo": "pal-mcp-server",
        "rev": "7afc7c1cc96e23992c8f105f960132c657883bb1",
        "type": "github"
      },
      "original": {
        "owner": "BeehiveInnovations",
        "repo": "pal-mcp-server",
        "type": "github"
      }
    },
    "root": {
      "inputs": {
        "ai-assistant-instructions": "ai-assistant-instructions",
        "claude-code-plugins": "claude-code-plugins",
        "darwin": "darwin",
        "determinate": "determinate",
        "home-manager": "home-manager",
        "jacobpevans-cc-plugins": "jacobpevans-cc-plugins",
        "mac-app-util": "mac-app-util",
        "nix-ai": "nix-ai",
        "nix-home": "nix-home",
        "nixpkgs": "nixpkgs_3",
        "pal-mcp-server": "pal-mcp-server",
        "sops-nix": "sops-nix",
        "systems": "systems"
      }
    },
    "sops-nix": {
      "inputs": {
        "nixpkgs": [
          "nixpkgs"
        ]
      },
      "locked": {
        "lastModified": 1776771786,
        "narHash": "sha256-DRFGPfFV6hbrfO9a1PH1FkCi7qR5FgjSqsQGGvk1rdI=",
        "owner": "Mic92",
        "repo": "sops-nix",
        "rev": "bef289e2248991f7afeb95965c82fbcd8ff72598",
        "type": "github"
      },
      "original": {
        "owner": "Mic92",
        "repo": "sops-nix",
        "type": "github"
      }
    },
    "superpowers-marketplace": {
      "flake": false,
      "locked": {
        "lastModified": 1776189055,
        "narHash": "sha256-Si+5ElF4daeGVwMiyWLEZWJ8gDCPJrH2zFcsJRvn6+c=",
        "owner": "obra",
        "repo": "superpowers-marketplace",
        "rev": "403578f2d6873260fb8d27aee6ab1d4df103bb8d",
        "type": "github"
      },
      "original": {
        "owner": "obra",
        "repo": "superpowers-marketplace",
        "type": "github"
      }
    },
    "systems": {
      "locked": {
        "lastModified": 1689347925,
        "narHash": "sha256-ozenz5bFe1UUqOn7f60HRmgc01BgTGIKZ4Xl+HbocGQ=",
        "owner": "nix-systems",
        "repo": "default-darwin",
        "rev": "2235d7e6cc29ae99878133c95e9fe5e157661ffb",
        "type": "github"
      },
      "original": {
        "owner": "nix-systems",
        "repo": "default-darwin",
        "type": "github"
      }
    },
    "treefmt-nix": {
      "inputs": {
        "nixpkgs": [
          "nixpkgs"
        ]
      },
      "locked": {
        "lastModified": 1766000401,
        "narHash": "sha256-+cqN4PJz9y0JQXfAK5J1drd0U05D5fcAGhzhfVrDlsI=",
        "owner": "numtide",
        "repo": "treefmt-nix",
        "rev": "42d96e75aa56a3f70cab7e7dc4a32868db28e8fd",
        "type": "github"
      },
      "original": {
        "owner": "numtide",
        "repo": "treefmt-nix",
        "type": "github"
      }
    },
    "vct-cribl-pack-validator-skills": {
      "flake": false,
      "locked": {
        "lastModified": 1774484708,
        "narHash": "sha256-cQEbj7K2HcFlL7vUVFYKsjlgZbzQqbVcAtw2QX7H4WQ=",
        "owner": "VisiCore",
        "repo": "vct-cribl-pack-validator",
        "rev": "eaf3b3f17f77faf6825c587dfdd552f8a9837926",
        "type": "github"
      },
      "original": {
        "owner": "VisiCore",
        "repo": "vct-cribl-pack-validator",
        "type": "github"
      }
    },
    "visual-explainer-marketplace": {
      "flake": false,
      "locked": {
        "lastModified": 1774753729,
        "narHash": "sha256-gaFtCysH6k5ogkb+6yvnwnAeuJqR4kK5OHbHdr64/hk=",
        "owner": "nicobailon",
        "repo": "visual-explainer",
        "rev": "9a97a5818bebbcb61cccf8941d533b82a1ce958b",
        "type": "github"
      },
      "original": {
        "owner": "nicobailon",
        "repo": "visual-explainer",
        "type": "github"
      }
    },
    "wakatime": {
      "flake": false,
      "locked": {
        "lastModified": 1776260149,
        "narHash": "sha256-6dO9waSpBky3xq+++SY6Tql/kLBtwZmGC9VembmNVn8=",
        "owner": "wakatime",
        "repo": "claude-code-wakatime",
        "rev": "b283f9171e6a510b5769eeeabce6cc399df6e017",
        "type": "github"
      },
      "original": {
        "owner": "wakatime",
        "repo": "claude-code-wakatime",
        "type": "github"
      }
    }
  },
  "root": "root",
  "version": 7
}
